version: 2.0
shards:
  ameba:
    git: https://github.com/crystal-ameba/ameba.git
    version: 1.6.4

  backtracer:
    git: https://github.com/sija/backtracer.cr.git
    version: 1.2.4

  baked_file_system:
    git: https://github.com/schovi/baked_file_system.git
    version: 0.11.0

  db:
    git: https://github.com/crystal-lang/crystal-db.git
    version: 0.13.1

  dotenv:
    git: https://github.com/gdotdesign/cr-dotenv.git
    version: 1.0.0

  exception_page:
    git: https://github.com/crystal-loot/exception_page.git
    version: 0.5.0

  kemal:
    git: https://github.com/kemalcr/kemal.git
    version: 1.7.2

  kemal-csrf:
    git: https://github.com/kemalcr/kemal-csrf.git
    version: 1.1.0

  kemal-session:
    git: https://github.com/kemalcr/kemal-session.git
    version: 1.0.0

  pg:
    git: https://github.com/will/crystal-pg.git
    version: 0.29.0

  pool:
    git: https://github.com/ysbaddaden/pool.git
    version: 0.2.4

  radix:
    git: https://github.com/luislavena/radix.git
    version: 0.4.1

  redis:
    git: https://github.com/stefanwille/crystal-redis.git
    version: 2.9.1

  sidekiq:
    git: https://github.com/mperham/sidekiq.cr.git
    version: 0.7.3